
Microsoft Visual Studio Solution File, Format Version 12.00
# Visual Studio Version 16
VisualStudioVersion = 16.0.33927.289
MinimumVisualStudioVersion = 10.0.40219.1
Project("{2150E333-8FDC-42A3-9474-1A3956D46DE8}") = "Task0", "Task0", "{E1074C8C-9426-41C2-AD49-8471BCD6998E}"
EndProject
Project("{FAE04EC0-301F-11D3-BF4B-00C04F79EFBC}") = "Tyuiu.LachuginAV.Sprint4.Task0.V20", "Tyuiu.LachuginAV.Sprint4.Task0.V20\Tyuiu.LachuginAV.Sprint4.Task0.V20.csproj", "{92A8E89D-D660-48AD-9F03-E405E2D6A60D}"
EndProject
Project("{FAE04EC0-301F-11D3-BF4B-00C04F79EFBC}") = "Tyuiu.LachuginAV.Sprint4.Task0.V20.Lib", "Tyuiu.LachuginAV.Sprint4.Task0.V20.Lib\Tyuiu.LachuginAV.Sprint4.Task0.V20.Lib.csproj", "{FF37147C-0B53-4416-BF50-D5294734E509}"
EndProject
Project("{FAE04EC0-301F-11D3-BF4B-00C04F79EFBC}") = "Tyuiu.LachuginAV.Sprint4.Task0.V20.Test", "Tyuiu.LachuginAV.Sprint4.Task0.V20.Test\Tyuiu.LachuginAV.Sprint4.Task0.V20.Test.csproj", "{644A02E6-6D0A-4643-8799-5769BDA77A4D}"
EndProject
Project("{2150E333-8FDC-42A3-9474-1A3956D46DE8}") = "Task1", "Task1", "{8F5AFEEA-6BE3-4A7D-9E69-E3549BA412A6}"
EndProject
Project("{FAE04EC0-301F-11D3-BF4B-00C04F79EFBC}") = "Tyuiu.LachuginAV.Sprint4.Task1.V5", "Tyuiu.LachuginAV.Sprint4.Task1.V5\Tyuiu.LachuginAV.Sprint4.Task1.V5.csproj", "{06F33EA2-B767-48B8-B5BC-65DAF9BF8282}"
EndProject
Project("{FAE04EC0-301F-11D3-BF4B-00C04F79EFBC}") = "Tyuiu.LachuginAV.Sprint4.Task1.V5.Lib", "Tyuiu.LachuginAV.Sprint4.Task1.V5.Lib\Tyuiu.LachuginAV.Sprint4.Task1.V5.Lib.csproj", "{CB96631C-E617-4D28-A9A6-19FF922329E2}"
EndProject
Project("{FAE04EC0-301F-11D3-BF4B-00C04F79EFBC}") = "Tyuiu.LachuginAV.Sprint4.Task1.V5.Test", "Tyuiu.LachuginAV.Sprint4.Task1.V5.Test\Tyuiu.LachuginAV.Sprint4.Task1.V5.Test.csproj", "{BE3AA07F-AE06-4ADA-BDB1-98586727D681}"
EndProject
Project("{2150E333-8FDC-42A3-9474-1A3956D46DE8}") = "Task2", "Task2", "{D92DE8FB-843A-4B77-91E9-699F0BDD8646}"
EndProject
Project("{FAE04EC0-301F-11D3-BF4B-00C04F79EFBC}") = "Tyuiu.LachuginAV.Sprint4.Task2.V20", "Tyuiu.LachuginAV.Sprint4.Task2.V20\Tyuiu.LachuginAV.Sprint4.Task2.V20.csproj", "{8FDB4B10-AC16-4A08-A4D1-79A034DF5D87}"
EndProject
Project("{FAE04EC0-301F-11D3-BF4B-00C04F79EFBC}") = "Tyuiu.LachuginAV.Sprint4.Task2.V20.Lib", "Tyuiu.LachuginAV.Sprint4.Task2.V20.Lib\Tyuiu.LachuginAV.Sprint4.Task2.V20.Lib.csproj", "{D2D044C0-DD66-403B-B3A7-22806C030BEE}"
EndProject
Project("{FAE04EC0-301F-11D3-BF4B-00C04F79EFBC}") = "Tyuiu.LachuginAV.Sprint4.Task2.V20.Test", "Tyuiu.LachuginAV.Sprint4.Task2.V20.Test\Tyuiu.LachuginAV.Sprint4.Task2.V20.Test.csproj", "{2CB1782D-8115-4F3E-BD39-051A3D61B09C}"
EndProject
Project("{2150E333-8FDC-42A3-9474-1A3956D46DE8}") = "Task3", "Task3", "{81B8AA5E-FC3C-4DC7-9766-11AE64416207}"
EndProject
Project("{FAE04EC0-301F-11D3-BF4B-00C04F79EFBC}") = "Tyuiu.LachuginAV.Sprint4.Task3.V16", "Tyuiu.LachuginAV.Sprint4.Task3.V16\Tyuiu.LachuginAV.Sprint4.Task3.V16.csproj", "{6DB14C1B-E692-4C4B-A6C4-94435AD88649}"
EndProject
Project("{FAE04EC0-301F-11D3-BF4B-00C04F79EFBC}") = "Tyuiu.LachuginAV.Sprint4.Task3.V16.Test", "Tyuiu.LachuginAV.Sprint4.Task3.V16.Test\Tyuiu.LachuginAV.Sprint4.Task3.V16.Test.csproj", "{D40D8D39-168D-4520-B9E3-C774A9BADE07}"
EndProject
Project("{FAE04EC0-301F-11D3-BF4B-00C04F79EFBC}") = "Tyuiu.LachuginAV.Sprint4.Task3.V16.Lib", "Tyuiu.LachuginAV.Sprint4.Task3.V16.Lib\Tyuiu.LachuginAV.Sprint4.Task3.V16.Lib.csproj", "{1241EF3B-76F7-4F56-BCE9-5B01EAC01C18}"
EndProject
Project("{2150E333-8FDC-42A3-9474-1A3956D46DE8}") = "Task4", "Task4", "{B5CA7B47-C41C-42E2-A894-D5848FEEF785}"
EndProject
Project("{FAE04EC0-301F-11D3-BF4B-00C04F79EFBC}") = "Tyuiu.LachuginAV.Sprint4.Task4.V13", "Tyuiu.LachuginAV.Sprint4.Task4.V13\Tyuiu.LachuginAV.Sprint4.Task4.V13.csproj", "{743D14DC-240A-4A3A-8E6F-C7E4C9DDE935}"
EndProject
Project("{FAE04EC0-301F-11D3-BF4B-00C04F79EFBC}") = "Tyuiu.LachuginAV.Sprint4.Task4.V13.Lib", "Tyuiu.LachuginAV.Sprint4.Task4.V13.Lib\Tyuiu.LachuginAV.Sprint4.Task4.V13.Lib.csproj", "{D03C8E6F-56BF-42F4-B656-ABE4CFD28258}"
EndProject
Project("{FAE04EC0-301F-11D3-BF4B-00C04F79EFBC}") = "Tyuiu.LachuginAV.Sprint4.Task4.V13.Test", "Tyuiu.LachuginAV.Sprint4.Task4.V13.Test\Tyuiu.LachuginAV.Sprint4.Task4.V13.Test.csproj", "{ED0D161D-F7C0-44F3-B7A5-D637ABAB486B}"
EndProject
Project("{2150E333-8FDC-42A3-9474-1A3956D46DE8}") = "Task5", "Task5", "{99D80005-D6A1-44B5-9DDA-5E786A895ED2}"
EndProject
Project("{FAE04EC0-301F-11D3-BF4B-00C04F79EFBC}") = "Tyuiu.LachuginAV.Sprint4.Task5.V12", "Tyuiu.LachuginAV.Sprint4.Task5.V12\Tyuiu.LachuginAV.Sprint4.Task5.V12.csproj", "{394F0F5E-6723-40CA-B298-293D96A08107}"
EndProject
Project("{FAE04EC0-301F-11D3-BF4B-00C04F79EFBC}") = "Tyuiu.LachuginAV.Sprint4.Task5.V12.Lib", "Tyuiu.LachuginAV.Sprint4.Task5.V12.Lib\Tyuiu.LachuginAV.Sprint4.Task5.V12.Lib.csproj", "{53A0C861-0E3F-4159-90EC-E6CDFE89A3D8}"
EndProject
Project("{FAE04EC0-301F-11D3-BF4B-00C04F79EFBC}") = "Tyuiu.LachuginAV.Sprint4.Task5.V12.Test", "Tyuiu.LachuginAV.Sprint4.Task5.V12.Test\Tyuiu.LachuginAV.Sprint4.Task5.V12.Test.csproj", "{3AD77D35-E8F8-4D0C-BB5B-8EC023547439}"
EndProject
Global
	GlobalSection(SolutionConfigurationPlatforms) = preSolution
		Debug|Any CPU = Debug|Any CPU
		Release|Any CPU = Release|Any CPU
	EndGlobalSection
	GlobalSection(ProjectConfigurationPlatforms) = postSolution
		{92A8E89D-D660-48AD-9F03-E405E2D6A60D}.Debug|Any CPU.ActiveCfg = Debug|Any CPU
		{92A8E89D-D660-48AD-9F03-E405E2D6A60D}.Debug|Any CPU.Build.0 = Debug|Any CPU
		{92A8E89D-D660-48AD-9F03-E405E2D6A60D}.Release|Any CPU.ActiveCfg = Release|Any CPU
		{92A8E89D-D660-48AD-9F03-E405E2D6A60D}.Release|Any CPU.Build.0 = Release|Any CPU
		{FF37147C-0B53-4416-BF50-D5294734E509}.Debug|Any CPU.ActiveCfg = Debug|Any CPU
		{FF37147C-0B53-4416-BF50-D5294734E509}.Debug|Any CPU.Build.0 = Debug|Any CPU
		{FF37147C-0B53-4416-BF50-D5294734E509}.Release|Any CPU.ActiveCfg = Release|Any CPU
		{FF37147C-0B53-4416-BF50-D5294734E509}.Release|Any CPU.Build.0 = Release|Any CPU
		{644A02E6-6D0A-4643-8799-5769BDA77A4D}.Debug|Any CPU.ActiveCfg = Debug|Any CPU
		{644A02E6-6D0A-4643-8799-5769BDA77A4D}.Debug|Any CPU.Build.0 = Debug|Any CPU
		{644A02E6-6D0A-4643-8799-5769BDA77A4D}.Release|Any CPU.ActiveCfg = Release|Any CPU
		{644A02E6-6D0A-4643-8799-5769BDA77A4D}.Release|Any CPU.Build.0 = Release|Any CPU
		{06F33EA2-B767-48B8-B5BC-65DAF9BF8282}.Debug|Any CPU.ActiveCfg = Debug|Any CPU
		{06F33EA2-B767-48B8-B5BC-65DAF9BF8282}.Debug|Any CPU.Build.0 = Debug|Any CPU
		{06F33EA2-B767-48B8-B5BC-65DAF9BF8282}.Release|Any CPU.ActiveCfg = Release|Any CPU
		{06F33EA2-B767-48B8-B5BC-65DAF9BF8282}.Release|Any CPU.Build.0 = Release|Any CPU
		{CB96631C-E617-4D28-A9A6-19FF922329E2}.Debug|Any CPU.ActiveCfg = Debug|Any CPU
		{CB96631C-E617-4D28-A9A6-19FF922329E2}.Debug|Any CPU.Build.0 = Debug|Any CPU
		{CB96631C-E617-4D28-A9A6-19FF922329E2}.Release|Any CPU.ActiveCfg = Release|Any CPU
		{CB96631C-E617-4D28-A9A6-19FF922329E2}.Release|Any CPU.Build.0 = Release|Any CPU
		{BE3AA07F-AE06-4ADA-BDB1-98586727D681}.Debug|Any CPU.ActiveCfg = Debug|Any CPU
		{BE3AA07F-AE06-4ADA-BDB1-98586727D681}.Debug|Any CPU.Build.0 = Debug|Any CPU
		{BE3AA07F-AE06-4ADA-BDB1-98586727D681}.Release|Any CPU.ActiveCfg = Release|Any CPU
		{BE3AA07F-AE06-4ADA-BDB1-98586727D681}.Release|Any CPU.Build.0 = Release|Any CPU
		{8FDB4B10-AC16-4A08-A4D1-79A034DF5D87}.Debug|Any CPU.ActiveCfg = Debug|Any CPU
		{8FDB4B10-AC16-4A08-A4D1-79A034DF5D87}.Debug|Any CPU.Build.0 = Debug|Any CPU
		{8FDB4B10-AC16-4A08-A4D1-79A034DF5D87}.Release|Any CPU.ActiveCfg = Release|Any CPU
		{8FDB4B10-AC16-4A08-A4D1-79A034DF5D87}.Release|Any CPU.Build.0 = Release|Any CPU
		{D2D044C0-DD66-403B-B3A7-22806C030BEE}.Debug|Any CPU.ActiveCfg = Debug|Any CPU
		{D2D044C0-DD66-403B-B3A7-22806C030BEE}.Debug|Any CPU.Build.0 = Debug|Any CPU
		{D2D044C0-DD66-403B-B3A7-22806C030BEE}.Release|Any CPU.ActiveCfg = Release|Any CPU
		{D2D044C0-DD66-403B-B3A7-22806C030BEE}.Release|Any CPU.Build.0 = Release|Any CPU
		{2CB1782D-8115-4F3E-BD39-051A3D61B09C}.Debug|Any CPU.ActiveCfg = Debug|Any CPU
		{2CB1782D-8115-4F3E-BD39-051A3D61B09C}.Debug|Any CPU.Build.0 = Debug|Any CPU
		{2CB1782D-8115-4F3E-BD39-051A3D61B09C}.Release|Any CPU.ActiveCfg = Release|Any CPU
		{2CB1782D-8115-4F3E-BD39-051A3D61B09C}.Release|Any CPU.Build.0 = Release|Any CPU
		{6DB14C1B-E692-4C4B-A6C4-94435AD88649}.Debug|Any CPU.ActiveCfg = Debug|Any CPU
		{6DB14C1B-E692-4C4B-A6C4-94435AD88649}.Debug|Any CPU.Build.0 = Debug|Any CPU
		{6DB14C1B-E692-4C4B-A6C4-94435AD88649}.Release|Any CPU.ActiveCfg = Release|Any CPU
		{6DB14C1B-E692-4C4B-A6C4-94435AD88649}.Release|Any CPU.Build.0 = Release|Any CPU
		{D40D8D39-168D-4520-B9E3-C774A9BADE07}.Debug|Any CPU.ActiveCfg = Debug|Any CPU
		{D40D8D39-168D-4520-B9E3-C774A9BADE07}.Debug|Any CPU.Build.0 = Debug|Any CPU
		{D40D8D39-168D-4520-B9E3-C774A9BADE07}.Release|Any CPU.ActiveCfg = Release|Any CPU
		{D40D8D39-168D-4520-B9E3-C774A9BADE07}.Release|Any CPU.Build.0 = Release|Any CPU
		{1241EF3B-76F7-4F56-BCE9-5B01EAC01C18}.Debug|Any CPU.ActiveCfg = Debug|Any CPU
		{1241EF3B-76F7-4F56-BCE9-5B01EAC01C18}.Debug|Any CPU.Build.0 = Debug|Any CPU
		{1241EF3B-76F7-4F56-BCE9-5B01EAC01C18}.Release|Any CPU.ActiveCfg = Release|Any CPU
		{1241EF3B-76F7-4F56-BCE9-5B01EAC01C18}.Release|Any CPU.Build.0 = Release|Any CPU
		{743D14DC-240A-4A3A-8E6F-C7E4C9DDE935}.Debug|Any CPU.ActiveCfg = Debug|Any CPU
		{743D14DC-240A-4A3A-8E6F-C7E4C9DDE935}.Debug|Any CPU.Build.0 = Debug|Any CPU
		{743D14DC-240A-4A3A-8E6F-C7E4C9DDE935}.Release|Any CPU.ActiveCfg = Release|Any CPU
		{743D14DC-240A-4A3A-8E6F-C7E4C9DDE935}.Release|Any CPU.Build.0 = Release|Any CPU
		{D03C8E6F-56BF-42F4-B656-ABE4CFD28258}.Debug|Any CPU.ActiveCfg = Debug|Any CPU
		{D03C8E6F-56BF-42F4-B656-ABE4CFD28258}.Debug|Any CPU.Build.0 = Debug|Any CPU
		{D03C8E6F-56BF-42F4-B656-ABE4CFD28258}.Release|Any CPU.ActiveCfg = Release|Any CPU
		{D03C8E6F-56BF-42F4-B656-ABE4CFD28258}.Release|Any CPU.Build.0 = Release|Any CPU
		{ED0D161D-F7C0-44F3-B7A5-D637ABAB486B}.Debug|Any CPU.ActiveCfg = Debug|Any CPU
		{ED0D161D-F7C0-44F3-B7A5-D637ABAB486B}.Debug|Any CPU.Build.0 = Debug|Any CPU
		{ED0D161D-F7C0-44F3-B7A5-D637ABAB486B}.Release|Any CPU.ActiveCfg = Release|Any CPU
		{ED0D161D-F7C0-44F3-B7A5-D637ABAB486B}.Release|Any CPU.Build.0 = Release|Any CPU
		{394F0F5E-6723-40CA-B298-293D96A08107}.Debug|Any CPU.ActiveCfg = Debug|Any CPU
		{394F0F5E-6723-40CA-B298-293D96A08107}.Debug|Any CPU.Build.0 = Debug|Any CPU
		{394F0F5E-6723-40CA-B298-293D96A08107}.Release|Any CPU.ActiveCfg = Release|Any CPU
		{394F0F5E-6723-40CA-B298-293D96A08107}.Release|Any CPU.Build.0 = Release|Any CPU
		{53A0C861-0E3F-4159-90EC-E6CDFE89A3D8}.Debug|Any CPU.ActiveCfg = Debug|Any CPU
		{53A0C861-0E3F-4159-90EC-E6CDFE89A3D8}.Debug|Any CPU.Build.0 = Debug|Any CPU
		{53A0C861-0E3F-4159-90EC-E6CDFE89A3D8}.Release|Any CPU.ActiveCfg = Release|Any CPU
		{53A0C861-0E3F-4159-90EC-E6CDFE89A3D8}.Release|Any CPU.Build.0 = Release|Any CPU
		{3AD77D35-E8F8-4D0C-BB5B-8EC023547439}.Debug|Any CPU.ActiveCfg = Debug|Any CPU
		{3AD77D35-E8F8-4D0C-BB5B-8EC023547439}.Debug|Any CPU.Build.0 = Debug|Any CPU
		{3AD77D35-E8F8-4D0C-BB5B-8EC023547439}.Release|Any CPU.ActiveCfg = Release|Any CPU
		{3AD77D35-E8F8-4D0C-BB5B-8EC023547439}.Release|Any CPU.Build.0 = Release|Any CPU
	EndGlobalSection
	GlobalSection(SolutionProperties) = preSolution
		HideSolutionNode = FALSE
	EndGlobalSection
	GlobalSection(NestedProjects) = preSolution
		{92A8E89D-D660-48AD-9F03-E405E2D6A60D} = {E1074C8C-9426-41C2-AD49-8471BCD6998E}
		{FF37147C-0B53-4416-BF50-D5294734E509} = {E1074C8C-9426-41C2-AD49-8471BCD6998E}
		{644A02E6-6D0A-4643-8799-5769BDA77A4D} = {E1074C8C-9426-41C2-AD49-8471BCD6998E}
		{06F33EA2-B767-48B8-B5BC-65DAF9BF8282} = {8F5AFEEA-6BE3-4A7D-9E69-E3549BA412A6}
		{CB96631C-E617-4D28-A9A6-19FF922329E2} = {8F5AFEEA-6BE3-4A7D-9E69-E3549BA412A6}
		{BE3AA07F-AE06-4ADA-BDB1-98586727D681} = {8F5AFEEA-6BE3-4A7D-9E69-E3549BA412A6}
		{8FDB4B10-AC16-4A08-A4D1-79A034DF5D87} = {D92DE8FB-843A-4B77-91E9-699F0BDD8646}
		{D2D044C0-DD66-403B-B3A7-22806C030BEE} = {D92DE8FB-843A-4B77-91E9-699F0BDD8646}
		{2CB1782D-8115-4F3E-BD39-051A3D61B09C} = {D92DE8FB-843A-4B77-91E9-699F0BDD8646}
		{6DB14C1B-E692-4C4B-A6C4-94435AD88649} = {81B8AA5E-FC3C-4DC7-9766-11AE64416207}
		{D40D8D39-168D-4520-B9E3-C774A9BADE07} = {81B8AA5E-FC3C-4DC7-9766-11AE64416207}
		{1241EF3B-76F7-4F56-BCE9-5B01EAC01C18} = {81B8AA5E-FC3C-4DC7-9766-11AE64416207}
		{743D14DC-240A-4A3A-8E6F-C7E4C9DDE935} = {B5CA7B47-C41C-42E2-A894-D5848FEEF785}
		{D03C8E6F-56BF-42F4-B656-ABE4CFD28258} = {B5CA7B47-C41C-42E2-A894-D5848FEEF785}
		{ED0D161D-F7C0-44F3-B7A5-D637ABAB486B} = {B5CA7B47-C41C-42E2-A894-D5848FEEF785}
		{394F0F5E-6723-40CA-B298-293D96A08107} = {99D80005-D6A1-44B5-9DDA-5E786A895ED2}
		{53A0C861-0E3F-4159-90EC-E6CDFE89A3D8} = {99D80005-D6A1-44B5-9DDA-5E786A895ED2}
		{3AD77D35-E8F8-4D0C-BB5B-8EC023547439} = {99D80005-D6A1-44B5-9DDA-5E786A895ED2}
	EndGlobalSection
	GlobalSection(ExtensibilityGlobals) = postSolution
		SolutionGuid = {EF19E004-4BDD-4643-A024-0A00BFB49AE3}
	EndGlobalSection
EndGlobal
